{
  "name": "gitbucket-registry",
  "version": "1.0.0",
  "lockfileVersion": 1,
  "requires": true,
  "dependencies": {
    "mkdirp": {
      "version": "0.5.1",
      "resolved": "https://registry.npmjs.org/mkdirp/-/mkdirp-0.5.1.tgz",
      "integrity": "sha1-MAV0OOrGz3+MR2fzhkjWaX11yQM=",
      "requires": {
        "minimist": "0.0.8"
      },
      "dependencies": {
        "minimist": {
          "version": "0.0.8",
          "resolved": "http://registry.npmjs.org/minimist/-/minimist-0.0.8.tgz",
          "integrity": "sha1-hX/Kv8M5fSYluCKCYuhqp6ARsF0="
        }
      }
    },
    "node-yaml": {
      "version": "3.0.3",
      "resolved": "http://registry.npmjs.org/node-yaml/-/node-yaml-3.0.3.tgz",
      "integrity": "sha1-vlOevp1Nuz+7hpfNzYcwOtf9aT0=",
      "requires": {
        "co": "4.6.0",
        "co-fs": "1.2.0",
        "js-yaml": "3.6.1"
      },
      "dependencies": {
        "co": {
          "version": "4.6.0",
          "resolved": "http://registry.npmjs.org/co/-/co-4.6.0.tgz",
          "integrity": "sha1-bqa989hTrlTMuOR7+gvz+QMfsYQ="
        },
        "co-fs": {
          "version": "1.2.0",
          "resolved": "http://registry.npmjs.org/co-fs/-/co-fs-1.2.0.tgz",
          "integrity": "sha1-pt8EXOWMBO7UVYb/Q4UDKBOrpk4=",
          "requires": {
            "co-from-stream": "0.0.0",
            "thunkify": "0.0.1"
          },
          "dependencies": {
            "co-from-stream": {
              "version": "0.0.0",
              "resolved": "http://registry.npmjs.org/co-from-stream/-/co-from-stream-0.0.0.tgz",
              "integrity": "sha1-GlzYztdyY5RglPo58kmaYyl7yvk=",
              "requires": {
                "co-read": "0.0.1"
              },
              "dependencies": {
                "co-read": {
                  "version": "0.0.1",
                  "resolved": "http://registry.npmjs.org/co-read/-/co-read-0.0.1.tgz",
                  "integrity": "sha1-+Bs+uKhmdf7FHj2IOn9WToc8k4k="
                }
              }
            },
            "thunkify": {
              "version": "0.0.1",
              "resolved": "http://registry.npmjs.org/thunkify/-/thunkify-0.0.1.tgz",
              "integrity": "sha1-vV02sQabQHjl3LrI+rRTWb6mGD0="
            }
          }
        },
        "js-yaml": {
          "version": "3.6.1",
          "resolved": "http://registry.npmjs.org/js-yaml/-/js-yaml-3.6.1.tgz",
          "integrity": "sha1-bl/mfYsgXOTSL60Ft3geja3MSzA=",
          "requires": {
            "argparse": "1.0.9",
            "esprima": "2.7.3"
          },
          "dependencies": {
            "argparse": {
              "version": "1.0.9",
              "resolved": "http://registry.npmjs.org/argparse/-/argparse-1.0.9.tgz",
              "integrity": "sha1-c9g7wmP4bpf4zE9rrhsOkKfSLIY=",
              "requires": {
                "sprintf-js": "1.0.3"
              },
              "dependencies": {
                "sprintf-js": {
                  "version": "1.0.3",
                  "resolved": "http://registry.npmjs.org/sprintf-js/-/sprintf-js-1.0.3.tgz",
                  "integrity": "sha1-BOaSb2YolTVPPdAVIDYzuFcpfiw="
                }
              }
            },
            "esprima": {
              "version": "2.7.3",
              "resolved": "http://registry.npmjs.org/esprima/-/esprima-2.7.3.tgz",
              "integrity": "sha1-luO3DVd59q1JzQMmc9HDEnZ7pYE="
            }
          }
        }
      }
    }
  }
}
